
Microsoft Visual Studio Solution File, Format Version 12.00
# Visual Studio 14
VisualStudioVersion = 14.0.25420.1
MinimumVisualStudioVersion = 10.0.40219.1
Project("{FAE04EC0-301F-11D3-BF4B-00C04F79EFBC}") = "StaticCode_Analize", "StaticCode_Analize\StaticCode_Analize\StaticCode_Analize.csproj", "{F1A43B75-8CD2-4CE9-99B2-D8769C302808}"
EndProject
Project("{FAE04EC0-301F-11D3-BF4B-00C04F79EFBC}") = "StaticCode_Analize.Test", "StaticCode_Analize\StaticCode_Analize.Test\StaticCode_Analize.Test.csproj", "{05FAD274-475A-4264-9D94-E41D4E809C16}"
EndProject
Project("{FAE04EC0-301F-11D3-BF4B-00C04F79EFBC}") = "StaticCode_Analize.Vsix", "StaticCode_Analize\StaticCode_Analize.Vsix\StaticCode_Analize.Vsix.csproj", "{FFB2DFAF-5FA1-4A12-9FBD-E4E496F462D0}"
EndProject
Project("{2150E333-8FDC-42A3-9474-1A3956D46DE8}") = ".appveyor", ".appveyor", "{9FE6130B-7432-4457-8AA4-475D4C0F0E19}"
EndProject
Global
	GlobalSection(SolutionConfigurationPlatforms) = preSolution
		Debug|Any CPU = Debug|Any CPU
		Release|Any CPU = Release|Any CPU
	EndGlobalSection
	GlobalSection(ProjectConfigurationPlatforms) = postSolution
		{F1A43B75-8CD2-4CE9-99B2-D8769C302808}.Debug|Any CPU.ActiveCfg = Debug|Any CPU
		{F1A43B75-8CD2-4CE9-99B2-D8769C302808}.Debug|Any CPU.Build.0 = Debug|Any CPU
		{F1A43B75-8CD2-4CE9-99B2-D8769C302808}.Release|Any CPU.ActiveCfg = Release|Any CPU
		{F1A43B75-8CD2-4CE9-99B2-D8769C302808}.Release|Any CPU.Build.0 = Release|Any CPU
		{05FAD274-475A-4264-9D94-E41D4E809C16}.Debug|Any CPU.ActiveCfg = Debug|Any CPU
		{05FAD274-475A-4264-9D94-E41D4E809C16}.Debug|Any CPU.Build.0 = Debug|Any CPU
		{05FAD274-475A-4264-9D94-E41D4E809C16}.Release|Any CPU.ActiveCfg = Release|Any CPU
		{05FAD274-475A-4264-9D94-E41D4E809C16}.Release|Any CPU.Build.0 = Release|Any CPU
		{FFB2DFAF-5FA1-4A12-9FBD-E4E496F462D0}.Debug|Any CPU.ActiveCfg = Debug|Any CPU
		{FFB2DFAF-5FA1-4A12-9FBD-E4E496F462D0}.Debug|Any CPU.Build.0 = Debug|Any CPU
		{FFB2DFAF-5FA1-4A12-9FBD-E4E496F462D0}.Release|Any CPU.ActiveCfg = Release|Any CPU
		{FFB2DFAF-5FA1-4A12-9FBD-E4E496F462D0}.Release|Any CPU.Build.0 = Release|Any CPU
	EndGlobalSection
	GlobalSection(SolutionProperties) = preSolution
		HideSolutionNode = FALSE
	EndGlobalSection
EndGlobal
